
Microsoft Visual Studio Solution File, Format Version 12.00
# Visual Studio Version 16
VisualStudioVersion = 16.0.31129.286
MinimumVisualStudioVersion = 10.0.40219.1
Project("{FAE04EC0-301F-11D3-BF4B-00C04F79EFBC}") = "MultiCompiled", "MultiCompiled\MultiCompiled.csproj", "{7808F91F-FB80-45A4-B129-E72C699E9247}"
EndProject
Global
	GlobalSection(SolutionConfigurationPlatforms) = preSolution
		Debug|Any CPU = Debug|Any CPU
		Release|Any CPU = Release|Any CPU
	EndGlobalSection
	GlobalSection(ProjectConfigurationPlatforms) = postSolution
		{7808F91F-FB80-45A4-B129-E72C699E9247}.Debug|Any CPU.ActiveCfg = Debug|Any CPU
		{7808F91F-FB80-45A4-B129-E72C699E9247}.Debug|Any CPU.Build.0 = Debug|Any CPU
		{7808F91F-FB80-45A4-B129-E72C699E9247}.Release|Any CPU.ActiveCfg = Release|Any CPU
		{7808F91F-FB80-45A4-B129-E72C699E9247}.Release|Any CPU.Build.0 = Release|Any CPU
	EndGlobalSection
	GlobalSection(SolutionProperties) = preSolution
		HideSolutionNode = FALSE
	EndGlobalSection
	GlobalSection(ExtensibilityGlobals) = postSolution
		SolutionGuid = {3FBBF5AA-98DD-4F9A-9E96-C302AB0C4D25}
	EndGlobalSection
EndGlobal
